// !$*UTF8*$!
{
	archiveVersion = 1;
	classes = {
	};
	objectVersion = 55;
	objects = {

/* Begin PBXBuildFile section */
		633CB69D285D847F005BA0B8 /* TaskListApp.swift in Sources */ = {isa = PBXBuildFile; fileRef = 633CB69C285D847F005BA0B8 /* TaskListApp.swift */; };
		633CB69F285D847F005BA0B8 /* ContentView.swift in Sources */ = {isa = PBXBuildFile; fileRef = 633CB69E285D847F005BA0B8 /* ContentView.swift */; };
		633CB6A1285D8481005BA0B8 /* Assets.xcassets in Resources */ = {isa = PBXBuildFile; fileRef = 633CB6A0285D8481005BA0B8 /* Assets.xcassets */; };
		633CB6A4285D8481005BA0B8 /* Preview Assets.xcassets in Resources */ = {isa = PBXBuildFile; fileRef = 633CB6A3285D8481005BA0B8 /* Preview Assets.xcassets */; };
		633CB6AB285D84B0005BA0B8 /* Task.swift in Sources */ = {isa = PBXBuildFile; fileRef = 633CB6AA285D84B0005BA0B8 /* Task.swift */; };
		633CB6AE285D8527005BA0B8 /* TaskStore.swift in Sources */ = {isa = PBXBuildFile; fileRef = 633CB6AD285D8527005BA0B8 /* TaskStore.swift */; };
		633CB6B0285D8B65005BA0B8 /* NewTaskView.swift in Sources */ = {isa = PBXBuildFile; fileRef = 633CB6AF285D8B65005BA0B8 /* NewTaskView.swift */; };
		633CB6B2285D966E005BA0B8 /* RowView.swift in Sources */ = {isa = PBXBuildFile; fileRef = 633CB6B1285D966E005BA0B8 /* RowView.swift */; };
		633CB6B4285D98D1005BA0B8 /* TaskEditingView.swift in Sources */ = {isa = PBXBuildFile; fileRef = 633CB6B3285D98D1005BA0B8 /* TaskEditingView.swift */; };
		633CB6B7285D9B1D005BA0B8 /* ForEach.swift in Sources */ = {isa = PBXBuildFile; fileRef = 633CB6B6285D9B1D005BA0B8 /* ForEach.swift */; };
		633CB6B9285D9B4D005BA0B8 /* IndexedCollection.swift in Sources */ = {isa = PBXBuildFile; fileRef = 633CB6B8285D9B4D005BA0B8 /* IndexedCollection.swift */; };
		633CB6BB285D9E17005BA0B8 /* Task.Priority.swift in Sources */ = {isa = PBXBuildFile; fileRef = 633CB6BA285D9E17005BA0B8 /* Task.Priority.swift */; };
		633CB6BD285D9E66005BA0B8 /* TaskStore.PrioritizedTasks.swift in Sources */ = {isa = PBXBuildFile; fileRef = 633CB6BC285D9E66005BA0B8 /* TaskStore.PrioritizedTasks.swift */; };
		633CB6C1285DA25E005BA0B8 /* SectionView.swift in Sources */ = {isa = PBXBuildFile; fileRef = 633CB6C0285DA25E005BA0B8 /* SectionView.swift */; };
/* End PBXBuildFile section */

/* Begin PBXFileReference section */
		633CB699285D847F005BA0B8 /* TaskList.app */ = {isa = PBXFileReference; explicitFileType = wrapper.application; includeInIndex = 0; path = TaskList.app; sourceTree = BUILT_PRODUCTS_DIR; };
		633CB69C285D847F005BA0B8 /* TaskListApp.swift */ = {isa = PBXFileReference; lastKnownFileType = sourcecode.swift; path = TaskListApp.swift; sourceTree = "<group>"; };
		633CB69E285D847F005BA0B8 /* ContentView.swift */ = {isa = PBXFileReference; lastKnownFileType = sourcecode.swift; path = ContentView.swift; sourceTree = "<group>"; };
		633CB6A0285D8481005BA0B8 /* Assets.xcassets */ = {isa = PBXFileReference; lastKnownFileType = folder.assetcatalog; path = Assets.xcassets; sourceTree = "<group>"; };
		633CB6A3285D8481005BA0B8 /* Preview Assets.xcassets */ = {isa = PBXFileReference; lastKnownFileType = folder.assetcatalog; path = "Preview Assets.xcassets"; sourceTree = "<group>"; };
		633CB6AA285D84B0005BA0B8 /* Task.swift */ = {isa = PBXFileReference; lastKnownFileType = sourcecode.swift; path = Task.swift; sourceTree = "<group>"; };
		633CB6AD285D8527005BA0B8 /* TaskStore.swift */ = {isa = PBXFileReference; lastKnownFileType = sourcecode.swift; path = TaskStore.swift; sourceTree = "<group>"; };
		633CB6AF285D8B65005BA0B8 /* NewTaskView.swift */ = {isa = PBXFileReference; lastKnownFileType = sourcecode.swift; path = NewTaskView.swift; sourceTree = "<group>"; };
		633CB6B1285D966E005BA0B8 /* RowView.swift */ = {isa = PBXFileReference; lastKnownFileType = sourcecode.swift; path = RowView.swift; sourceTree = "<group>"; };
		633CB6B3285D98D1005BA0B8 /* TaskEditingView.swift */ = {isa = PBXFileReference; lastKnownFileType = sourcecode.swift; path = TaskEditingView.swift; sourceTree = "<group>"; };
		633CB6B6285D9B1D005BA0B8 /* ForEach.swift */ = {isa = PBXFileReference; lastKnownFileType = sourcecode.swift; path = ForEach.swift; sourceTree = "<group>"; };
		633CB6B8285D9B4D005BA0B8 /* IndexedCollection.swift */ = {isa = PBXFileReference; lastKnownFileType = sourcecode.swift; path = IndexedCollection.swift; sourceTree = "<group>"; };
		633CB6BA285D9E17005BA0B8 /* Task.Priority.swift */ = {isa = PBXFileReference; lastKnownFileType = sourcecode.swift; path = Task.Priority.swift; sourceTree = "<group>"; };
		633CB6BC285D9E66005BA0B8 /* TaskStore.PrioritizedTasks.swift */ = {isa = PBXFileReference; lastKnownFileType = sourcecode.swift; path = TaskStore.PrioritizedTasks.swift; sourceTree = "<group>"; };
		633CB6C0285DA25E005BA0B8 /* SectionView.swift */ = {isa = PBXFileReference; lastKnownFileType = sourcecode.swift; path = SectionView.swift; sourceTree = "<group>"; };
/* End PBXFileReference section */

/* Begin PBXFrameworksBuildPhase section */
		633CB696285D847F005BA0B8 /* Frameworks */ = {
			isa = PBXFrameworksBuildPhase;
			buildActionMask = 2147483647;
			files = (
			);
			runOnlyForDeploymentPostprocessing = 0;
		};
/* End PBXFrameworksBuildPhase section */

/* Begin PBXGroup section */
		633CB690285D847F005BA0B8 = {
			isa = PBXGroup;
			children = (
				633CB69B285D847F005BA0B8 /* TaskList */,
				633CB69A285D847F005BA0B8 /* Products */,
			);
			sourceTree = "<group>";
		};
		633CB69A285D847F005BA0B8 /* Products */ = {
			isa = PBXGroup;
			children = (
				633CB699285D847F005BA0B8 /* TaskList.app */,
			);
			name = Products;
			sourceTree = "<group>";
		};
		633CB69B285D847F005BA0B8 /* TaskList */ = {
			isa = PBXGroup;
			children = (
				633CB6B5285D9B0C005BA0B8 /* Extensions */,
				633CB69C285D847F005BA0B8 /* TaskListApp.swift */,
				633CB69E285D847F005BA0B8 /* ContentView.swift */,
				633CB6C0285DA25E005BA0B8 /* SectionView.swift */,
				633CB6B1285D966E005BA0B8 /* RowView.swift */,
				633CB6AF285D8B65005BA0B8 /* NewTaskView.swift */,
				633CB6B3285D98D1005BA0B8 /* TaskEditingView.swift */,
				633CB6AC285D84E7005BA0B8 /* Models */,
				633CB6A0285D8481005BA0B8 /* Assets.xcassets */,
				633CB6A2285D8481005BA0B8 /* Preview Content */,
			);
			path = TaskList;
			sourceTree = "<group>";
		};
		633CB6A2285D8481005BA0B8 /* Preview Content */ = {
			isa = PBXGroup;
			children = (
				633CB6A3285D8481005BA0B8 /* Preview Assets.xcassets */,
			);
			path = "Preview Content";
			sourceTree = "<group>";
		};
		633CB6AC285D84E7005BA0B8 /* Models */ = {
			isa = PBXGroup;
			children = (
				633CB6AA285D84B0005BA0B8 /* Task.swift */,
				633CB6BA285D9E17005BA0B8 /* Task.Priority.swift */,
				633CB6AD285D8527005BA0B8 /* TaskStore.swift */,
				633CB6BC285D9E66005BA0B8 /* TaskStore.PrioritizedTasks.swift */,
			);
			path = Models;
			sourceTree = "<group>";
		};
		633CB6B5285D9B0C005BA0B8 /* Extensions */ = {
			isa = PBXGroup;
			children = (
				633CB6B6285D9B1D005BA0B8 /* ForEach.swift */,
				633CB6B8285D9B4D005BA0B8 /* IndexedCollection.swift */,
			);
			path = Extensions;
			sourceTree = "<group>";
		};
/* End PBXGroup section */

/* Begin PBXNativeTarget section */
		633CB698285D847F005BA0B8 /* TaskList */ = {
			isa = PBXNativeTarget;
			buildConfigurationList = 633CB6A7285D8481005BA0B8 /* Build configuration list for PBXNativeTarget "TaskList" */;
			buildPhases = (
				633CB695285D847F005BA0B8 /* Sources */,
				633CB696285D847F005BA0B8 /* Frameworks */,
				633CB697285D847F005BA0B8 /* Resources */,
			);
			buildRules = (
			);
			dependencies = (
			);
			name = TaskList;
			productName = TaskList;
			productReference = 633CB699285D847F005BA0B8 /* TaskList.app */;
			productType = "com.apple.product-type.application";
		};
/* End PBXNativeTarget section */

/* Begin PBXProject section */
		633CB691285D847F005BA0B8 /* Project object */ = {
			isa = PBXProject;
			attributes = {
				BuildIndependentTargetsInParallel = 1;
				LastSwiftUpdateCheck = 1340;
				LastUpgradeCheck = 1340;
				TargetAttributes = {
					633CB698285D847F005BA0B8 = {
						CreatedOnToolsVersion = 13.4;
					};
				};
			};
			buildConfigurationList = 633CB694285D847F005BA0B8 /* Build configuration list for PBXProject "TaskList" */;
			compatibilityVersion = "Xcode 13.0";
			developmentRegion = en;
			hasScannedForEncodings = 0;
			knownRegions = (
				en,
				Base,
			);
			mainGroup = 633CB690285D847F005BA0B8;
			productRefGroup = 633CB69A285D847F005BA0B8 /* Products */;
			projectDirPath = "";
			projectRoot = "";
			targets = (
				633CB698285D847F005BA0B8 /* TaskList */,
			);
		};
/* End PBXProject section */

/* Begin PBXResourcesBuildPhase section */
		633CB697285D847F005BA0B8 /* Resources */ = {
			isa = PBXResourcesBuildPhase;
			buildActionMask = 2147483647;
			files = (
				633CB6A4285D8481005BA0B8 /* Preview Assets.xcassets in Resources */,
				633CB6A1285D8481005BA0B8 /* Assets.xcassets in Resources */,
			);
			runOnlyForDeploymentPostprocessing = 0;
		};
/* End PBXResourcesBuildPhase section */

/* Begin PBXSourcesBuildPhase section */
		633CB695285D847F005BA0B8 /* Sources */ = {
			isa = PBXSourcesBuildPhase;
			buildActionMask = 2147483647;
			files = (
				633CB6B7285D9B1D005BA0B8 /* ForEach.swift in Sources */,
				633CB69F285D847F005BA0B8 /* ContentView.swift in Sources */,
				633CB6B9285D9B4D005BA0B8 /* IndexedCollection.swift in Sources */,
				633CB6B2285D966E005BA0B8 /* RowView.swift in Sources */,
				633CB6B4285D98D1005BA0B8 /* TaskEditingView.swift in Sources */,
				633CB6B0285D8B65005BA0B8 /* NewTaskView.swift in Sources */,
				633CB6BD285D9E66005BA0B8 /* TaskStore.PrioritizedTasks.swift in Sources */,
				633CB6AB285D84B0005BA0B8 /* Task.swift in Sources */,
				633CB6C1285DA25E005BA0B8 /* SectionView.swift in Sources */,
				633CB6AE285D8527005BA0B8 /* TaskStore.swift in Sources */,
				633CB69D285D847F005BA0B8 /* TaskListApp.swift in Sources */,
				633CB6BB285D9E17005BA0B8 /* Task.Priority.swift in Sources */,
			);
			runOnlyForDeploymentPostprocessing = 0;
		};
/* End PBXSourcesBuildPhase section */

/* Begin XCBuildConfiguration section */
		633CB6A5285D8481005BA0B8 /* Debug */ = {
			isa = XCBuildConfiguration;
			buildSettings = {
				ALWAYS_SEARCH_USER_PATHS = NO;
				CLANG_ANALYZER_NONNULL = YES;
				CLANG_ANALYZER_NUMBER_OBJECT_CONVERSION = YES_AGGRESSIVE;
				CLANG_CXX_LANGUAGE_STANDARD = "gnu++17";
				CLANG_ENABLE_MODULES = YES;
				CLANG_ENABLE_OBJC_ARC = YES;
				CLANG_ENABLE_OBJC_WEAK = YES;
				CLANG_WARN_BLOCK_CAPTURE_AUTORELEASING = YES;
				CLANG_WARN_BOOL_CONVERSION = YES;
				CLANG_WARN_COMMA = YES;
				CLANG_WARN_CONSTANT_CONVERSION = YES;
				CLANG_WARN_DEPRECATED_OBJC_IMPLEMENTATIONS = YES;
				CLANG_WARN_DIRECT_OBJC_ISA_USAGE = YES_ERROR;
				CLANG_WARN_DOCUMENTATION_COMMENTS = YES;
				CLANG_WARN_EMPTY_BODY = YES;
				CLANG_WARN_ENUM_CONVERSION = YES;
				CLANG_WARN_INFINITE_RECURSION = YES;
				CLANG_WARN_INT_CONVERSION = YES;
				CLANG_WARN_NON_LITERAL_NULL_CONVERSION = YES;
				CLANG_WARN_OBJC_IMPLICIT_RETAIN_SELF = YES;
				CLANG_WARN_OBJC_LITERAL_CONVERSION = YES;
				CLANG_WARN_OBJC_ROOT_CLASS = YES_ERROR;
				CLANG_WARN_QUOTED_INCLUDE_IN_FRAMEWORK_HEADER = YES;
				CLANG_WARN_RANGE_LOOP_ANALYSIS = YES;
				CLANG_WARN_STRICT_PROTOTYPES = YES;
				CLANG_WARN_SUSPICIOUS_MOVE = YES;
				CLANG_WARN_UNGUARDED_AVAILABILITY = YES_AGGRESSIVE;
				CLANG_WARN_UNREACHABLE_CODE = YES;
				CLANG_WARN__DUPLICATE_METHOD_MATCH = YES;
				COPY_PHASE_STRIP = NO;
				DEBUG_INFORMATION_FORMAT = dwarf;
				ENABLE_STRICT_OBJC_MSGSEND = YES;
				ENABLE_TESTABILITY = YES;
				GCC_C_LANGUAGE_STANDARD = gnu11;
				GCC_DYNAMIC_NO_PIC = NO;
				GCC_NO_COMMON_BLOCKS = YES;
				GCC_OPTIMIZATION_LEVEL = 0;
				GCC_PREPROCESSOR_DEFINITIONS = (
					"DEBUG=1",
					"$(inherited)",
				);
				GCC_WARN_64_TO_32_BIT_CONVERSION = YES;
				GCC_WARN_ABOUT_RETURN_TYPE = YES_ERROR;
				GCC_WARN_UNDECLARED_SELECTOR = YES;
				GCC_WARN_UNINITIALIZED_AUTOS = YES_AGGRESSIVE;
				GCC_WARN_UNUSED_FUNCTION = YES;
				GCC_WARN_UNUSED_VARIABLE = YES;
				IPHONEOS_DEPLOYMENT_TARGET = 15.5;
				MTL_ENABLE_DEBUG_INFO = INCLUDE_SOURCE;
				MTL_FAST_MATH = YES;
				ONLY_ACTIVE_ARCH = YES;
				SDKROOT = iphoneos;
				SWIFT_ACTIVE_COMPILATION_CONDITIONS = DEBUG;
				SWIFT_OPTIMIZATION_LEVEL = "-Onone";
			};
			name = Debug;
		};
		633CB6A6285D8481005BA0B8 /* Release */ = {
			isa = XCBuildConfiguration;
			buildSettings = {
				ALWAYS_SEARCH_USER_PATHS = NO;
				CLANG_ANALYZER_NONNULL = YES;
				CLANG_ANALYZER_NUMBER_OBJECT_CONVERSION = YES_AGGRESSIVE;
				CLANG_CXX_LANGUAGE_STANDARD = "gnu++17";
				CLANG_ENABLE_MODULES = YES;
				CLANG_ENABLE_OBJC_ARC = YES;
				CLANG_ENABLE_OBJC_WEAK = YES;
				CLANG_WARN_BLOCK_CAPTURE_AUTORELEASING = YES;
				CLANG_WARN_BOOL_CONVERSION = YES;
				CLANG_WARN_COMMA = YES;
				CLANG_WARN_CONSTANT_CONVERSION = YES;
				CLANG_WARN_DEPRECATED_OBJC_IMPLEMENTATIONS = YES;
				CLANG_WARN_DIRECT_OBJC_ISA_USAGE = YES_ERROR;
				CLANG_WARN_DOCUMENTATION_COMMENTS = YES;
				CLANG_WARN_EMPTY_BODY = YES;
				CLANG_WARN_ENUM_CONVERSION = YES;
				CLANG_WARN_INFINITE_RECURSION = YES;
				CLANG_WARN_INT_CONVERSION = YES;
				CLANG_WARN_NON_LITERAL_NULL_CONVERSION = YES;
				CLANG_WARN_OBJC_IMPLICIT_RETAIN_SELF = YES;
				CLANG_WARN_OBJC_LITERAL_CONVERSION = YES;
				CLANG_WARN_OBJC_ROOT_CLASS = YES_ERROR;
				CLANG_WARN_QUOTED_INCLUDE_IN_FRAMEWORK_HEADER = YES;
				CLANG_WARN_RANGE_LOOP_ANALYSIS = YES;
				CLANG_WARN_STRICT_PROTOTYPES = YES;
				CLANG_WARN_SUSPICIOUS_MOVE = YES;
				CLANG_WARN_UNGUARDED_AVAILABILITY = YES_AGGRESSIVE;
				CLANG_WARN_UNREACHABLE_CODE = YES;
				CLANG_WARN__DUPLICATE_METHOD_MATCH = YES;
				COPY_PHASE_STRIP = NO;
				DEBUG_INFORMATION_FORMAT = "dwarf-with-dsym";
				ENABLE_NS_ASSERTIONS = NO;
				ENABLE_STRICT_OBJC_MSGSEND = YES;
				GCC_C_LANGUAGE_STANDARD = gnu11;
				GCC_NO_COMMON_BLOCKS = YES;
				GCC_WARN_64_TO_32_BIT_CONVERSION = YES;
				GCC_WARN_ABOUT_RETURN_TYPE = YES_ERROR;
				GCC_WARN_UNDECLARED_SELECTOR = YES;
				GCC_WARN_UNINITIALIZED_AUTOS = YES_AGGRESSIVE;
				GCC_WARN_UNUSED_FUNCTION = YES;
				GCC_WARN_UNUSED_VARIABLE = YES;
				IPHONEOS_DEPLOYMENT_TARGET = 15.5;
				MTL_ENABLE_DEBUG_INFO = NO;
				MTL_FAST_MATH = YES;
				SDKROOT = iphoneos;
				SWIFT_COMPILATION_MODE = wholemodule;
				SWIFT_OPTIMIZATION_LEVEL = "-O";
				VALIDATE_PRODUCT = YES;
			};
			name = Release;
		};
		633CB6A8285D8481005BA0B8 /* Debug */ = {
			isa = XCBuildConfiguration;
			buildSettings = {
				ASSETCATALOG_COMPILER_APPICON_NAME = AppIcon;
				ASSETCATALOG_COMPILER_GLOBAL_ACCENT_COLOR_NAME = AccentColor;
				CODE_SIGN_STYLE = Automatic;
				CURRENT_PROJECT_VERSION = 1;
				DEVELOPMENT_ASSET_PATHS = "\"TaskList/Preview Content\"";
				DEVELOPMENT_TEAM = 4284UAH789;
				ENABLE_PREVIEWS = YES;
				GENERATE_INFOPLIST_FILE = YES;
				INFOPLIST_KEY_UIApplicationSceneManifest_Generation = YES;
				INFOPLIST_KEY_UIApplicationSupportsIndirectInputEvents = YES;
				INFOPLIST_KEY_UILaunchScreen_Generation = YES;
				INFOPLIST_KEY_UISupportedInterfaceOrientations_iPad = "UIInterfaceOrientationPortrait UIInterfaceOrientationPortraitUpsideDown UIInterfaceOrientationLandscapeLeft UIInterfaceOrientationLandscapeRight";
				INFOPLIST_KEY_UISupportedInterfaceOrientations_iPhone = "UIInterfaceOrientationPortrait UIInterfaceOrientationLandscapeLeft UIInterfaceOrientationLandscapeRight";
				LD_RUNPATH_SEARCH_PATHS = (
					"$(inherited)",
					"@executable_path/Frameworks",
				);
				MARKETING_VERSION = 1.0;
				PRODUCT_BUNDLE_IDENTIFIER = com.canadiabank.TaskList;
				PRODUCT_NAME = "$(TARGET_NAME)";
				SWIFT_EMIT_LOC_STRINGS = YES;
				SWIFT_VERSION = 5.0;
				TARGETED_DEVICE_FAMILY = "1,2";
			};
			name = Debug;
		};
		633CB6A9285D8481005BA0B8 /* Release */ = {
			isa = XCBuildConfiguration;
			buildSettings = {
				ASSETCATALOG_COMPILER_APPICON_NAME = AppIcon;
				ASSETCATALOG_COMPILER_GLOBAL_ACCENT_COLOR_NAME = AccentColor;
				CODE_SIGN_STYLE = Automatic;
				CURRENT_PROJECT_VERSION = 1;
				DEVELOPMENT_ASSET_PATHS = "\"TaskList/Preview Content\"";
				DEVELOPMENT_TEAM = 4284UAH789;
				ENABLE_PREVIEWS = YES;
				GENERATE_INFOPLIST_FILE = YES;
				INFOPLIST_KEY_UIApplicationSceneManifest_Generation = YES;
				INFOPLIST_KEY_UIApplicationSupportsIndirectInputEvents = YES;
				INFOPLIST_KEY_UILaunchScreen_Generation = YES;
				INFOPLIST_KEY_UISupportedInterfaceOrientations_iPad = "UIInterfaceOrientationPortrait UIInterfaceOrientationPortraitUpsideDown UIInterfaceOrientationLandscapeLeft UIInterfaceOrientationLandscapeRight";
				INFOPLIST_KEY_UISupportedInterfaceOrientations_iPhone = "UIInterfaceOrientationPortrait UIInterfaceOrientationLandscapeLeft UIInterfaceOrientationLandscapeRight";
				LD_RUNPATH_SEARCH_PATHS = (
					"$(inherited)",
					"@executable_path/Frameworks",
				);
				MARKETING_VERSION = 1.0;
				PRODUCT_BUNDLE_IDENTIFIER = com.canadiabank.TaskList;
				PRODUCT_NAME = "$(TARGET_NAME)";
				SWIFT_EMIT_LOC_STRINGS = YES;
				SWIFT_VERSION = 5.0;
				TARGETED_DEVICE_FAMILY = "1,2";
			};
			name = Release;
		};
/* End XCBuildConfiguration section */

/* Begin XCConfigurationList section */
		633CB694285D847F005BA0B8 /* Build configuration list for PBXProject "TaskList" */ = {
			isa = XCConfigurationList;
			buildConfigurations = (
				633CB6A5285D8481005BA0B8 /* Debug */,
				633CB6A6285D8481005BA0B8 /* Release */,
			);
			defaultConfigurationIsVisible = 0;
			defaultConfigurationName = Release;
		};
		633CB6A7285D8481005BA0B8 /* Build configuration list for PBXNativeTarget "TaskList" */ = {
			isa = XCConfigurationList;
			buildConfigurations = (
				633CB6A8285D8481005BA0B8 /* Debug */,
				633CB6A9285D8481005BA0B8 /* Release */,
			);
			defaultConfigurationIsVisible = 0;
			defaultConfigurationName = Release;
		};
/* End XCConfigurationList section */
	};
	rootObject = 633CB691285D847F005BA0B8 /* Project object */;
}
